
Microsoft Visual Studio Solution File, Format Version 12.00
# Visual Studio Version 16
VisualStudioVersion = 16.0.31729.503
MinimumVisualStudioVersion = 10.0.40219.1
Project("{9A19103F-16F7-4668-BE54-9A1E7A4F7556}") = "PowerplantCodingChallengeAPI", "PowerplantCodingChallengeAPI\PowerplantCodingChallengeAPI.csproj", "{229D92A9-25AA-47AE-9615-064869D428B7}"
EndProject
Project("{9A19103F-16F7-4668-BE54-9A1E7A4F7556}") = "DAL", "DAL\DAL.csproj", "{387C800C-250F-49F8-AEC4-B28600CE1743}"
EndProject
Project("{9A19103F-16F7-4668-BE54-9A1E7A4F7556}") = "BLL", "BLL\BLL.csproj", "{9D7C3361-C506-4873-B4F6-9352B275B5E2}"
EndProject
Project("{2150E333-8FDC-42A3-9474-1A3956D46DE8}") = "Solution Items", "Solution Items", "{1D42ACAD-9B2D-45A2-9732-93365D2B4715}"
	ProjectSection(SolutionItems) = preProject
		README.md = README.md
	EndProjectSection
EndProject
Global
	GlobalSection(SolutionConfigurationPlatforms) = preSolution
		Debug|Any CPU = Debug|Any CPU
		Release|Any CPU = Release|Any CPU
	EndGlobalSection
	GlobalSection(ProjectConfigurationPlatforms) = postSolution
		{229D92A9-25AA-47AE-9615-064869D428B7}.Debug|Any CPU.ActiveCfg = Debug|Any CPU
		{229D92A9-25AA-47AE-9615-064869D428B7}.Debug|Any CPU.Build.0 = Debug|Any CPU
		{229D92A9-25AA-47AE-9615-064869D428B7}.Release|Any CPU.ActiveCfg = Release|Any CPU
		{229D92A9-25AA-47AE-9615-064869D428B7}.Release|Any CPU.Build.0 = Release|Any CPU
		{387C800C-250F-49F8-AEC4-B28600CE1743}.Debug|Any CPU.ActiveCfg = Debug|Any CPU
		{387C800C-250F-49F8-AEC4-B28600CE1743}.Debug|Any CPU.Build.0 = Debug|Any CPU
		{387C800C-250F-49F8-AEC4-B28600CE1743}.Release|Any CPU.ActiveCfg = Release|Any CPU
		{387C800C-250F-49F8-AEC4-B28600CE1743}.Release|Any CPU.Build.0 = Release|Any CPU
		{9D7C3361-C506-4873-B4F6-9352B275B5E2}.Debug|Any CPU.ActiveCfg = Debug|Any CPU
		{9D7C3361-C506-4873-B4F6-9352B275B5E2}.Debug|Any CPU.Build.0 = Debug|Any CPU
		{9D7C3361-C506-4873-B4F6-9352B275B5E2}.Release|Any CPU.ActiveCfg = Release|Any CPU
		{9D7C3361-C506-4873-B4F6-9352B275B5E2}.Release|Any CPU.Build.0 = Release|Any CPU
	EndGlobalSection
	GlobalSection(SolutionProperties) = preSolution
		HideSolutionNode = FALSE
	EndGlobalSection
	GlobalSection(ExtensibilityGlobals) = postSolution
		SolutionGuid = {555E8FC9-FFB9-4DAF-B1C5-562A5414CE94}
	EndGlobalSection
EndGlobal
